
Microsoft Visual Studio Solution File, Format Version 12.00
# Visual Studio 15
VisualStudioVersion = 15.0.28307.438
MinimumVisualStudioVersion = 10.0.40219.1
Project("{8BC9CEB8-8B4A-11D0-8D11-00A0C91BC942}") = "matlab_to_c", "matlab_to_c\matlab_to_c.vcxproj", "{195E1260-F253-474A-A237-32BEB37689D0}"
EndProject
Global
	GlobalSection(SolutionConfigurationPlatforms) = preSolution
		Debug|x64 = Debug|x64
		Debug|x86 = Debug|x86
		Release|x64 = Release|x64
		Release|x86 = Release|x86
	EndGlobalSection
	GlobalSection(ProjectConfigurationPlatforms) = postSolution
		{195E1260-F253-474A-A237-32BEB37689D0}.Debug|x64.ActiveCfg = Debug|x64
		{195E1260-F253-474A-A237-32BEB37689D0}.Debug|x64.Build.0 = Debug|x64
		{195E1260-F253-474A-A237-32BEB37689D0}.Debug|x86.ActiveCfg = Debug|Win32
		{195E1260-F253-474A-A237-32BEB37689D0}.Debug|x86.Build.0 = Debug|Win32
		{195E1260-F253-474A-A237-32BEB37689D0}.Release|x64.ActiveCfg = Release|x64
		{195E1260-F253-474A-A237-32BEB37689D0}.Release|x64.Build.0 = Release|x64
		{195E1260-F253-474A-A237-32BEB37689D0}.Release|x86.ActiveCfg = Release|Win32
		{195E1260-F253-474A-A237-32BEB37689D0}.Release|x86.Build.0 = Release|Win32
	EndGlobalSection
	GlobalSection(SolutionProperties) = preSolution
		HideSolutionNode = FALSE
	EndGlobalSection
	GlobalSection(ExtensibilityGlobals) = postSolution
		SolutionGuid = {553F744A-2BA9-4603-8002-926FA68E2D10}
	EndGlobalSection
EndGlobal
